
Microsoft Visual Studio Solution File, Format Version 12.00
# Visual Studio 14
VisualStudioVersion = 14.0.25420.1
MinimumVisualStudioVersion = 10.0.40219.1
Project("{FAE04EC0-301F-11D3-BF4B-00C04F79EFBC}") = "Sushi", "Sushi\Sushi.csproj", "{F9464498-F6B9-49DB-910B-EE9DC6A19F3B}"
EndProject
Project("{FAE04EC0-301F-11D3-BF4B-00C04F79EFBC}") = "ConsoleSushi", "ConsoleSushi\ConsoleSushi.csproj", "{DFAE6546-B15E-4F35-9400-DEB3D5D6527A}"
EndProject
Project("{FAE04EC0-301F-11D3-BF4B-00C04F79EFBC}") = "SushiTest", "SushiTest\SushiTest.csproj", "{4154DA92-C495-4006-A6C4-4942E9C610CE}"
EndProject
Global
	GlobalSection(SolutionConfigurationPlatforms) = preSolution
		Debug|Any CPU = Debug|Any CPU
		Release|Any CPU = Release|Any CPU
	EndGlobalSection
	GlobalSection(ProjectConfigurationPlatforms) = postSolution
		{F9464498-F6B9-49DB-910B-EE9DC6A19F3B}.Debug|Any CPU.ActiveCfg = Debug|Any CPU
		{F9464498-F6B9-49DB-910B-EE9DC6A19F3B}.Debug|Any CPU.Build.0 = Debug|Any CPU
		{F9464498-F6B9-49DB-910B-EE9DC6A19F3B}.Release|Any CPU.ActiveCfg = Release|Any CPU
		{F9464498-F6B9-49DB-910B-EE9DC6A19F3B}.Release|Any CPU.Build.0 = Release|Any CPU
		{DFAE6546-B15E-4F35-9400-DEB3D5D6527A}.Debug|Any CPU.ActiveCfg = Debug|Any CPU
		{DFAE6546-B15E-4F35-9400-DEB3D5D6527A}.Debug|Any CPU.Build.0 = Debug|Any CPU
		{DFAE6546-B15E-4F35-9400-DEB3D5D6527A}.Release|Any CPU.ActiveCfg = Release|Any CPU
		{DFAE6546-B15E-4F35-9400-DEB3D5D6527A}.Release|Any CPU.Build.0 = Release|Any CPU
		{4154DA92-C495-4006-A6C4-4942E9C610CE}.Debug|Any CPU.ActiveCfg = Debug|Any CPU
		{4154DA92-C495-4006-A6C4-4942E9C610CE}.Debug|Any CPU.Build.0 = Debug|Any CPU
		{4154DA92-C495-4006-A6C4-4942E9C610CE}.Release|Any CPU.ActiveCfg = Release|Any CPU
		{4154DA92-C495-4006-A6C4-4942E9C610CE}.Release|Any CPU.Build.0 = Release|Any CPU
	EndGlobalSection
	GlobalSection(SolutionProperties) = preSolution
		HideSolutionNode = FALSE
	EndGlobalSection
EndGlobal
